
Microsoft Visual Studio Solution File, Format Version 12.00
# Visual Studio Version 17
VisualStudioVersion = 17.4.33110.190
MinimumVisualStudioVersion = 10.0.40219.1
Project("{9A19103F-16F7-4668-BE54-9A1E7A4F7556}") = "QLCHWF", "QLCHBanHoaQuaWF\QLCHWF.csproj", "{6ED3EB0E-49B7-4765-BE93-0DAA73D9C703}"
EndProject
Global
	GlobalSection(SolutionConfigurationPlatforms) = preSolution
		Debug|Any CPU = Debug|Any CPU
		Release|Any CPU = Release|Any CPU
	EndGlobalSection
	GlobalSection(ProjectConfigurationPlatforms) = postSolution
		{6ED3EB0E-49B7-4765-BE93-0DAA73D9C703}.Debug|Any CPU.ActiveCfg = Debug|Any CPU
		{6ED3EB0E-49B7-4765-BE93-0DAA73D9C703}.Debug|Any CPU.Build.0 = Debug|Any CPU
		{6ED3EB0E-49B7-4765-BE93-0DAA73D9C703}.Release|Any CPU.ActiveCfg = Release|Any CPU
		{6ED3EB0E-49B7-4765-BE93-0DAA73D9C703}.Release|Any CPU.Build.0 = Release|Any CPU
	EndGlobalSection
	GlobalSection(SolutionProperties) = preSolution
		HideSolutionNode = FALSE
	EndGlobalSection
	GlobalSection(ExtensibilityGlobals) = postSolution
		SolutionGuid = {563A8F08-4B3F-4E54-BBA7-5A6EA7D8F65B}
	EndGlobalSection
EndGlobal
